
Microsoft Visual Studio Solution File, Format Version 12.00
# Visual Studio 15
VisualStudioVersion = 15.0.26124.0
MinimumVisualStudioVersion = 15.0.26124.0
Project("{2150E333-8FDC-42A3-9474-1A3956D46DE8}") = "src", "src", "{88A74994-9820-486A-9C17-B4FA699AE480}"
EndProject
Project("{F2A71F9B-5D33-465A-A702-920D77279786}") = "Main", "src/Main/Main.fsproj", "{E6546D5B-503C-493E-9529-F0739B3AC67F}"
EndProject
Project("{F2A71F9B-5D33-465A-A702-920D77279786}") = "Renderer", "src/Renderer/Renderer.fsproj", "{704F45C9-3001-461F-BD48-C46A3569DFEB}"
EndProject
Global
	GlobalSection(SolutionConfigurationPlatforms) = preSolution
		Debug|Any CPU = Debug|Any CPU
		Debug|x64 = Debug|x64
		Debug|x86 = Debug|x86
		Release|Any CPU = Release|Any CPU
		Release|x64 = Release|x64
		Release|x86 = Release|x86
	EndGlobalSection
	GlobalSection(SolutionProperties) = preSolution
		HideSolutionNode = FALSE
	EndGlobalSection
	GlobalSection(ProjectConfigurationPlatforms) = postSolution
		{E6546D5B-503C-493E-9529-F0739B3AC67F}.Debug|Any CPU.ActiveCfg = Debug|Any CPU
		{E6546D5B-503C-493E-9529-F0739B3AC67F}.Debug|Any CPU.Build.0 = Debug|Any CPU
		{E6546D5B-503C-493E-9529-F0739B3AC67F}.Debug|x64.ActiveCfg = Debug|x64
		{E6546D5B-503C-493E-9529-F0739B3AC67F}.Debug|x64.Build.0 = Debug|x64
		{E6546D5B-503C-493E-9529-F0739B3AC67F}.Debug|x86.ActiveCfg = Debug|x86
		{E6546D5B-503C-493E-9529-F0739B3AC67F}.Debug|x86.Build.0 = Debug|x86
		{E6546D5B-503C-493E-9529-F0739B3AC67F}.Release|Any CPU.ActiveCfg = Release|Any CPU
		{E6546D5B-503C-493E-9529-F0739B3AC67F}.Release|Any CPU.Build.0 = Release|Any CPU
		{E6546D5B-503C-493E-9529-F0739B3AC67F}.Release|x64.ActiveCfg = Release|x64
		{E6546D5B-503C-493E-9529-F0739B3AC67F}.Release|x64.Build.0 = Release|x64
		{E6546D5B-503C-493E-9529-F0739B3AC67F}.Release|x86.ActiveCfg = Release|x86
		{E6546D5B-503C-493E-9529-F0739B3AC67F}.Release|x86.Build.0 = Release|x86
		{704F45C9-3001-461F-BD48-C46A3569DFEB}.Debug|Any CPU.ActiveCfg = Debug|Any CPU
		{704F45C9-3001-461F-BD48-C46A3569DFEB}.Debug|Any CPU.Build.0 = Debug|Any CPU
		{704F45C9-3001-461F-BD48-C46A3569DFEB}.Debug|x64.ActiveCfg = Debug|x64
		{704F45C9-3001-461F-BD48-C46A3569DFEB}.Debug|x64.Build.0 = Debug|x64
		{704F45C9-3001-461F-BD48-C46A3569DFEB}.Debug|x86.ActiveCfg = Debug|x86
		{704F45C9-3001-461F-BD48-C46A3569DFEB}.Debug|x86.Build.0 = Debug|x86
		{704F45C9-3001-461F-BD48-C46A3569DFEB}.Release|Any CPU.ActiveCfg = Release|Any CPU
		{704F45C9-3001-461F-BD48-C46A3569DFEB}.Release|Any CPU.Build.0 = Release|Any CPU
		{704F45C9-3001-461F-BD48-C46A3569DFEB}.Release|x64.ActiveCfg = Release|x64
		{704F45C9-3001-461F-BD48-C46A3569DFEB}.Release|x64.Build.0 = Release|x64
		{704F45C9-3001-461F-BD48-C46A3569DFEB}.Release|x86.ActiveCfg = Release|x86
		{704F45C9-3001-461F-BD48-C46A3569DFEB}.Release|x86.Build.0 = Release|x86
	EndGlobalSection
	GlobalSection(NestedProjects) = preSolution
		{E6546D5B-503C-493E-9529-F0739B3AC67F} = {88A74994-9820-486A-9C17-B4FA699AE480}
		{704F45C9-3001-461F-BD48-C46A3569DFEB} = {88A74994-9820-486A-9C17-B4FA699AE480}
	EndGlobalSection
EndGlobal
